// !$*UTF8*$!
{
	archiveVersion = 1;
	classes = {
	};
	objectVersion = 46;
	objects = {

/* Begin PBXBuildFile section */
		FA02D90614B016A6000349BE /* Foundation.framework in Frameworks */ = {isa = PBXBuildFile; fileRef = FA02D90514B016A6000349BE /* Foundation.framework */; };
		FA02D90914B016A6000349BE /* main.m in Sources */ = {isa = PBXBuildFile; fileRef = FA02D90814B016A6000349BE /* main.m */; };
		FA02D90D14B016A6000349BE /* Base64.1 in CopyFiles */ = {isa = PBXBuildFile; fileRef = FA02D90C14B016A6000349BE /* Base64.1 */; };
		FAFD290014B0C8BB007CDADD /* NSData+Base64.m in Sources */ = {isa = PBXBuildFile; fileRef = FAFD28FA14B0C8BB007CDADD /* NSData+Base64.m */; };
		FAFD290114B0C8BB007CDADD /* ANBase64Decoder.m in Sources */ = {isa = PBXBuildFile; fileRef = FAFD28FD14B0C8BB007CDADD /* ANBase64Decoder.m */; };
		FAFD290214B0C8BB007CDADD /* ANBase64Encoder.m in Sources */ = {isa = PBXBuildFile; fileRef = FAFD28FF14B0C8BB007CDADD /* ANBase64Encoder.m */; };
/* End PBXBuildFile section */

/* Begin PBXCopyFilesBuildPhase section */
		FA02D8FF14B016A6000349BE /* CopyFiles */ = {
			isa = PBXCopyFilesBuildPhase;
			buildActionMask = 2147483647;
			dstPath = /usr/share/man/man1/;
			dstSubfolderSpec = 0;
			files = (
				FA02D90D14B016A6000349BE /* Base64.1 in CopyFiles */,
			);
			runOnlyForDeploymentPostprocessing = 1;
		};
/* End PBXCopyFilesBuildPhase section */

/* Begin PBXFileReference section */
		FA02D90114B016A6000349BE /* Base64 */ = {isa = PBXFileReference; explicitFileType = "compiled.mach-o.executable"; includeInIndex = 0; path = Base64; sourceTree = BUILT_PRODUCTS_DIR; };
		FA02D90514B016A6000349BE /* Foundation.framework */ = {isa = PBXFileReference; lastKnownFileType = wrapper.framework; name = Foundation.framework; path = System/Library/Frameworks/Foundation.framework; sourceTree = SDKROOT; };
		FA02D90814B016A6000349BE /* main.m */ = {isa = PBXFileReference; lastKnownFileType = sourcecode.c.objc; path = main.m; sourceTree = "<group>"; };
		FA02D90B14B016A6000349BE /* Base64-Prefix.pch */ = {isa = PBXFileReference; lastKnownFileType = sourcecode.c.h; path = "Base64-Prefix.pch"; sourceTree = "<group>"; };
		FA02D90C14B016A6000349BE /* Base64.1 */ = {isa = PBXFileReference; lastKnownFileType = text.man; path = Base64.1; sourceTree = "<group>"; };
		FAFD28F914B0C8BB007CDADD /* NSData+Base64.h */ = {isa = PBXFileReference; fileEncoding = 4; lastKnownFileType = sourcecode.c.h; path = "NSData+Base64.h"; sourceTree = "<group>"; };
		FAFD28FA14B0C8BB007CDADD /* NSData+Base64.m */ = {isa = PBXFileReference; fileEncoding = 4; lastKnownFileType = sourcecode.c.objc; path = "NSData+Base64.m"; sourceTree = "<group>"; };
		FAFD28FC14B0C8BB007CDADD /* ANBase64Decoder.h */ = {isa = PBXFileReference; fileEncoding = 4; lastKnownFileType = sourcecode.c.h; path = ANBase64Decoder.h; sourceTree = "<group>"; };
		FAFD28FD14B0C8BB007CDADD /* ANBase64Decoder.m */ = {isa = PBXFileReference; fileEncoding = 4; lastKnownFileType = sourcecode.c.objc; path = ANBase64Decoder.m; sourceTree = "<group>"; };
		FAFD28FE14B0C8BB007CDADD /* ANBase64Encoder.h */ = {isa = PBXFileReference; fileEncoding = 4; lastKnownFileType = sourcecode.c.h; path = ANBase64Encoder.h; sourceTree = "<group>"; };
		FAFD28FF14B0C8BB007CDADD /* ANBase64Encoder.m */ = {isa = PBXFileReference; fileEncoding = 4; lastKnownFileType = sourcecode.c.objc; path = ANBase64Encoder.m; sourceTree = "<group>"; };
/* End PBXFileReference section */

/* Begin PBXFrameworksBuildPhase section */
		FA02D8FE14B016A6000349BE /* Frameworks */ = {
			isa = PBXFrameworksBuildPhase;
			buildActionMask = 2147483647;
			files = (
				FA02D90614B016A6000349BE /* Foundation.framework in Frameworks */,
			);
			runOnlyForDeploymentPostprocessing = 0;
		};
/* End PBXFrameworksBuildPhase section */

/* Begin PBXGroup section */
		FA02D8F614B016A5000349BE = {
			isa = PBXGroup;
			children = (
				FAFD28F714B0C8BB007CDADD /* ANBase64 */,
				FA02D90714B016A6000349BE /* Base64 */,
				FA02D90414B016A6000349BE /* Frameworks */,
				FA02D90214B016A6000349BE /* Products */,
			);
			sourceTree = "<group>";
		};
		FA02D90214B016A6000349BE /* Products */ = {
			isa = PBXGroup;
			children = (
				FA02D90114B016A6000349BE /* Base64 */,
			);
			name = Products;
			sourceTree = "<group>";
		};
		FA02D90414B016A6000349BE /* Frameworks */ = {
			isa = PBXGroup;
			children = (
				FA02D90514B016A6000349BE /* Foundation.framework */,
			);
			name = Frameworks;
			sourceTree = "<group>";
		};
		FA02D90714B016A6000349BE /* Base64 */ = {
			isa = PBXGroup;
			children = (
				FA02D90814B016A6000349BE /* main.m */,
				FA02D90C14B016A6000349BE /* Base64.1 */,
				FA02D90A14B016A6000349BE /* Supporting Files */,
			);
			path = Base64;
			sourceTree = "<group>";
		};
		FA02D90A14B016A6000349BE /* Supporting Files */ = {
			isa = PBXGroup;
			children = (
				FA02D90B14B016A6000349BE /* Base64-Prefix.pch */,
			);
			name = "Supporting Files";
			sourceTree = "<group>";
		};
		FAFD28F714B0C8BB007CDADD /* ANBase64 */ = {
			isa = PBXGroup;
			children = (
				FAFD28F814B0C8BB007CDADD /* Additions */,
				FAFD28FB14B0C8BB007CDADD /* Transcoders */,
			);
			name = ANBase64;
			path = Base64/ANBase64;
			sourceTree = "<group>";
		};
		FAFD28F814B0C8BB007CDADD /* Additions */ = {
			isa = PBXGroup;
			children = (
				FAFD28F914B0C8BB007CDADD /* NSData+Base64.h */,
				FAFD28FA14B0C8BB007CDADD /* NSData+Base64.m */,
			);
			path = Additions;
			sourceTree = "<group>";
		};
		FAFD28FB14B0C8BB007CDADD /* Transcoders */ = {
			isa = PBXGroup;
			children = (
				FAFD28FC14B0C8BB007CDADD /* ANBase64Decoder.h */,
				FAFD28FD14B0C8BB007CDADD /* ANBase64Decoder.m */,
				FAFD28FE14B0C8BB007CDADD /* ANBase64Encoder.h */,
				FAFD28FF14B0C8BB007CDADD /* ANBase64Encoder.m */,
			);
			path = Transcoders;
			sourceTree = "<group>";
		};
/* End PBXGroup section */

/* Begin PBXNativeTarget section */
		FA02D90014B016A6000349BE /* Base64 */ = {
			isa = PBXNativeTarget;
			buildConfigurationList = FA02D91014B016A6000349BE /* Build configuration list for PBXNativeTarget "Base64" */;
			buildPhases = (
				FA02D8FD14B016A6000349BE /* Sources */,
				FA02D8FE14B016A6000349BE /* Frameworks */,
				FA02D8FF14B016A6000349BE /* CopyFiles */,
			);
			buildRules = (
			);
			dependencies = (
			);
			name = Base64;
			productName = Base64;
			productReference = FA02D90114B016A6000349BE /* Base64 */;
			productType = "com.apple.product-type.tool";
		};
/* End PBXNativeTarget section */

/* Begin PBXProject section */
		FA02D8F814B016A5000349BE /* Project object */ = {
			isa = PBXProject;
			attributes = {
				LastUpgradeCheck = 0420;
			};
			buildConfigurationList = FA02D8FB14B016A5000349BE /* Build configuration list for PBXProject "Base64" */;
			compatibilityVersion = "Xcode 3.2";
			developmentRegion = English;
			hasScannedForEncodings = 0;
			knownRegions = (
				en,
			);
			mainGroup = FA02D8F614B016A5000349BE;
			productRefGroup = FA02D90214B016A6000349BE /* Products */;
			projectDirPath = "";
			projectRoot = "";
			targets = (
				FA02D90014B016A6000349BE /* Base64 */,
			);
		};
/* End PBXProject section */

/* Begin PBXSourcesBuildPhase section */
		FA02D8FD14B016A6000349BE /* Sources */ = {
			isa = PBXSourcesBuildPhase;
			buildActionMask = 2147483647;
			files = (
				FA02D90914B016A6000349BE /* main.m in Sources */,
				FAFD290014B0C8BB007CDADD /* NSData+Base64.m in Sources */,
				FAFD290114B0C8BB007CDADD /* ANBase64Decoder.m in Sources */,
				FAFD290214B0C8BB007CDADD /* ANBase64Encoder.m in Sources */,
			);
			runOnlyForDeploymentPostprocessing = 0;
		};
/* End PBXSourcesBuildPhase section */

/* Begin XCBuildConfiguration section */
		FA02D90E14B016A6000349BE /* Debug */ = {
			isa = XCBuildConfiguration;
			buildSettings = {
				ALWAYS_SEARCH_USER_PATHS = NO;
				ARCHS = "$(ARCHS_STANDARD_64_BIT)";
				CLANG_ENABLE_OBJC_ARC = YES;
				COPY_PHASE_STRIP = NO;
				GCC_C_LANGUAGE_STANDARD = gnu99;
				GCC_DYNAMIC_NO_PIC = NO;
				GCC_ENABLE_OBJC_EXCEPTIONS = YES;
				GCC_OPTIMIZATION_LEVEL = 0;
				GCC_PREPROCESSOR_DEFINITIONS = (
					"DEBUG=1",
					"$(inherited)",
				);
				GCC_SYMBOLS_PRIVATE_EXTERN = NO;
				GCC_VERSION = com.apple.compilers.llvm.clang.1_0;
				GCC_WARN_64_TO_32_BIT_CONVERSION = YES;
				GCC_WARN_ABOUT_MISSING_PROTOTYPES = YES;
				GCC_WARN_ABOUT_RETURN_TYPE = YES;
				GCC_WARN_UNUSED_VARIABLE = YES;
				MACOSX_DEPLOYMENT_TARGET = 10.7;
				ONLY_ACTIVE_ARCH = YES;
				SDKROOT = macosx;
			};
			name = Debug;
		};
		FA02D90F14B016A6000349BE /* Release */ = {
			isa = XCBuildConfiguration;
			buildSettings = {
				ALWAYS_SEARCH_USER_PATHS = NO;
				ARCHS = "$(ARCHS_STANDARD_64_BIT)";
				CLANG_ENABLE_OBJC_ARC = YES;
				COPY_PHASE_STRIP = YES;
				DEBUG_INFORMATION_FORMAT = "dwarf-with-dsym";
				GCC_C_LANGUAGE_STANDARD = gnu99;
				GCC_ENABLE_OBJC_EXCEPTIONS = YES;
				GCC_VERSION = com.apple.compilers.llvm.clang.1_0;
				GCC_WARN_64_TO_32_BIT_CONVERSION = YES;
				GCC_WARN_ABOUT_MISSING_PROTOTYPES = YES;
				GCC_WARN_ABOUT_RETURN_TYPE = YES;
				GCC_WARN_UNUSED_VARIABLE = YES;
				MACOSX_DEPLOYMENT_TARGET = 10.7;
				SDKROOT = macosx;
			};
			name = Release;
		};
		FA02D91114B016A6000349BE /* Debug */ = {
			isa = XCBuildConfiguration;
			buildSettings = {
				GCC_PRECOMPILE_PREFIX_HEADER = YES;
				GCC_PREFIX_HEADER = "Base64/Base64-Prefix.pch";
				PRODUCT_NAME = "$(TARGET_NAME)";
			};
			name = Debug;
		};
		FA02D91214B016A6000349BE /* Release */ = {
			isa = XCBuildConfiguration;
			buildSettings = {
				GCC_PRECOMPILE_PREFIX_HEADER = YES;
				GCC_PREFIX_HEADER = "Base64/Base64-Prefix.pch";
				PRODUCT_NAME = "$(TARGET_NAME)";
			};
			name = Release;
		};
/* End XCBuildConfiguration section */

/* Begin XCConfigurationList section */
		FA02D8FB14B016A5000349BE /* Build configuration list for PBXProject "Base64" */ = {
			isa = XCConfigurationList;
			buildConfigurations = (
				FA02D90E14B016A6000349BE /* Debug */,
				FA02D90F14B016A6000349BE /* Release */,
			);
			defaultConfigurationIsVisible = 0;
			defaultConfigurationName = Release;
		};
		FA02D91014B016A6000349BE /* Build configuration list for PBXNativeTarget "Base64" */ = {
			isa = XCConfigurationList;
			buildConfigurations = (
				FA02D91114B016A6000349BE /* Debug */,
				FA02D91214B016A6000349BE /* Release */,
			);
			defaultConfigurationIsVisible = 0;
			defaultConfigurationName = Release;
		};
/* End XCConfigurationList section */
	};
	rootObject = FA02D8F814B016A5000349BE /* Project object */;
}
